
Microsoft Visual Studio Solution File, Format Version 12.00
# Visual Studio Version 16
VisualStudioVersion = 16.0.31729.503
MinimumVisualStudioVersion = 10.0.40219.1
Project("{888888A0-9F3D-457C-B088-3A5042F75D52}") = "Tarea1- Tecnicas de Programacion", "Tarea1- Tecnicas de Programacion\Tarea1- Tecnicas de Programacion.pyproj", "{24C1B79E-A9F6-42C0-A281-0AD438A1F6B1}"
EndProject
Global
	GlobalSection(SolutionConfigurationPlatforms) = preSolution
		Debug|Any CPU = Debug|Any CPU
		Release|Any CPU = Release|Any CPU
	EndGlobalSection
	GlobalSection(ProjectConfigurationPlatforms) = postSolution
		{24C1B79E-A9F6-42C0-A281-0AD438A1F6B1}.Debug|Any CPU.ActiveCfg = Debug|Any CPU
		{24C1B79E-A9F6-42C0-A281-0AD438A1F6B1}.Release|Any CPU.ActiveCfg = Release|Any CPU
	EndGlobalSection
	GlobalSection(SolutionProperties) = preSolution
		HideSolutionNode = FALSE
	EndGlobalSection
	GlobalSection(ExtensibilityGlobals) = postSolution
		SolutionGuid = {41AA1782-5F00-48FE-9F4C-03F144E1D767}
	EndGlobalSection
EndGlobal
